
Microsoft Visual Studio Solution File, Format Version 12.00
# Visual Studio Version 17
VisualStudioVersion = 17.12.35707.178
MinimumVisualStudioVersion = 10.0.40219.1
Project("{FAE04EC0-301F-11D3-BF4B-00C04F79EFBC}") = "Api", "Api\Api.csproj", "{7CCE815F-C5A0-42FB-99F6-631C5E021C8F}"
EndProject
Project("{FAE04EC0-301F-11D3-BF4B-00C04F79EFBC}") = "Domain", "Domain\Domain.csproj", "{73128A25-0878-46C2-88C5-B9D5E7190468}"
EndProject
Project("{FAE04EC0-301F-11D3-BF4B-00C04F79EFBC}") = "Application", "Application\Application.csproj", "{298FF7EA-FEF3-4772-854A-BA54C3362D5A}"
EndProject
Project("{FAE04EC0-301F-11D3-BF4B-00C04F79EFBC}") = "Infrastructure", "Infrastructure\Infrastructure.csproj", "{2D8CEC67-4900-48C2-90C9-126306AC4319}"
EndProject
Project("{2150E333-8FDC-42A3-9474-1A3956D46DE8}") = "Solution Items", "Solution Items", "{63E8B78F-919C-4CE1-B568-8C8024AD3AB2}"
	ProjectSection(SolutionItems) = preProject
		NuGet.config = NuGet.config
	EndProjectSection
EndProject
Project("{FAE04EC0-301F-11D3-BF4B-00C04F79EFBC}") = "Common", "Common\Common.csproj", "{BE806ED8-A061-4919-87B7-9A1B38DDEE3F}"
EndProject
Global
	GlobalSection(SolutionConfigurationPlatforms) = preSolution
		Debug|Any CPU = Debug|Any CPU
		Release|Any CPU = Release|Any CPU
	EndGlobalSection
	GlobalSection(ProjectConfigurationPlatforms) = postSolution
		{7CCE815F-C5A0-42FB-99F6-631C5E021C8F}.Debug|Any CPU.ActiveCfg = Debug|Any CPU
		{7CCE815F-C5A0-42FB-99F6-631C5E021C8F}.Debug|Any CPU.Build.0 = Debug|Any CPU
		{7CCE815F-C5A0-42FB-99F6-631C5E021C8F}.Release|Any CPU.ActiveCfg = Release|Any CPU
		{7CCE815F-C5A0-42FB-99F6-631C5E021C8F}.Release|Any CPU.Build.0 = Release|Any CPU
		{73128A25-0878-46C2-88C5-B9D5E7190468}.Debug|Any CPU.ActiveCfg = Debug|Any CPU
		{73128A25-0878-46C2-88C5-B9D5E7190468}.Debug|Any CPU.Build.0 = Debug|Any CPU
		{73128A25-0878-46C2-88C5-B9D5E7190468}.Release|Any CPU.ActiveCfg = Release|Any CPU
		{73128A25-0878-46C2-88C5-B9D5E7190468}.Release|Any CPU.Build.0 = Release|Any CPU
		{298FF7EA-FEF3-4772-854A-BA54C3362D5A}.Debug|Any CPU.ActiveCfg = Debug|Any CPU
		{298FF7EA-FEF3-4772-854A-BA54C3362D5A}.Debug|Any CPU.Build.0 = Debug|Any CPU
		{298FF7EA-FEF3-4772-854A-BA54C3362D5A}.Release|Any CPU.ActiveCfg = Release|Any CPU
		{298FF7EA-FEF3-4772-854A-BA54C3362D5A}.Release|Any CPU.Build.0 = Release|Any CPU
		{2D8CEC67-4900-48C2-90C9-126306AC4319}.Debug|Any CPU.ActiveCfg = Debug|Any CPU
		{2D8CEC67-4900-48C2-90C9-126306AC4319}.Debug|Any CPU.Build.0 = Debug|Any CPU
		{2D8CEC67-4900-48C2-90C9-126306AC4319}.Release|Any CPU.ActiveCfg = Release|Any CPU
		{2D8CEC67-4900-48C2-90C9-126306AC4319}.Release|Any CPU.Build.0 = Release|Any CPU
		{BE806ED8-A061-4919-87B7-9A1B38DDEE3F}.Debug|Any CPU.ActiveCfg = Debug|Any CPU
		{BE806ED8-A061-4919-87B7-9A1B38DDEE3F}.Debug|Any CPU.Build.0 = Debug|Any CPU
		{BE806ED8-A061-4919-87B7-9A1B38DDEE3F}.Release|Any CPU.ActiveCfg = Release|Any CPU
		{BE806ED8-A061-4919-87B7-9A1B38DDEE3F}.Release|Any CPU.Build.0 = Release|Any CPU
	EndGlobalSection
	GlobalSection(SolutionProperties) = preSolution
		HideSolutionNode = FALSE
	EndGlobalSection
EndGlobal
